
Microsoft Visual Studio Solution File, Format Version 12.00
# Visual Studio Version 17
VisualStudioVersion = 17.11.35219.272
MinimumVisualStudioVersion = 10.0.40219.1
Project("{FAE04EC0-301F-11D3-BF4B-00C04F79EFBC}") = "Test Project", "Test Project.csproj", "{51C876D0-3629-468B-8EB0-5CE8E0AA2B72}"
EndProject
Global
	GlobalSection(SolutionConfigurationPlatforms) = preSolution
		Debug|Any CPU = Debug|Any CPU
		Release|Any CPU = Release|Any CPU
	EndGlobalSection
	GlobalSection(ProjectConfigurationPlatforms) = postSolution
		{51C876D0-3629-468B-8EB0-5CE8E0AA2B72}.Debug|Any CPU.ActiveCfg = Debug|Any CPU
		{51C876D0-3629-468B-8EB0-5CE8E0AA2B72}.Debug|Any CPU.Build.0 = Debug|Any CPU
		{51C876D0-3629-468B-8EB0-5CE8E0AA2B72}.Release|Any CPU.ActiveCfg = Release|Any CPU
		{51C876D0-3629-468B-8EB0-5CE8E0AA2B72}.Release|Any CPU.Build.0 = Release|Any CPU
	EndGlobalSection
	GlobalSection(SolutionProperties) = preSolution
		HideSolutionNode = FALSE
	EndGlobalSection
	GlobalSection(ExtensibilityGlobals) = postSolution
		SolutionGuid = {9710AAB1-EBAB-4408-8197-155FC34D76D5}
	EndGlobalSection
EndGlobal
